
Microsoft Visual Studio Solution File, Format Version 12.00
# Visual Studio 2013
VisualStudioVersion = 12.0.30501.0
MinimumVisualStudioVersion = 10.0.40219.1
Project("{FAE04EC0-301F-11D3-BF4B-00C04F79EFBC}") = "Zirpl.MusicChecker", "Zirpl.MusicChecker\Zirpl.MusicChecker.csproj", "{3925CCEC-3B6C-4993-9478-A974FF7EDF13}"
EndProject
Project("{FAE04EC0-301F-11D3-BF4B-00C04F79EFBC}") = "Zirpl.MusicChecker.Wpf", "MusicCatalogger\Zirpl.MusicChecker.Wpf.csproj", "{AEE9A75D-181B-4EAB-952E-38DC048E4256}"
EndProject
Global
	GlobalSection(SolutionConfigurationPlatforms) = preSolution
		Debug|Any CPU = Debug|Any CPU
		Release|Any CPU = Release|Any CPU
	EndGlobalSection
	GlobalSection(ProjectConfigurationPlatforms) = postSolution
		{3925CCEC-3B6C-4993-9478-A974FF7EDF13}.Debug|Any CPU.ActiveCfg = Debug|Any CPU
		{3925CCEC-3B6C-4993-9478-A974FF7EDF13}.Debug|Any CPU.Build.0 = Debug|Any CPU
		{3925CCEC-3B6C-4993-9478-A974FF7EDF13}.Release|Any CPU.ActiveCfg = Release|Any CPU
		{3925CCEC-3B6C-4993-9478-A974FF7EDF13}.Release|Any CPU.Build.0 = Release|Any CPU
		{AEE9A75D-181B-4EAB-952E-38DC048E4256}.Debug|Any CPU.ActiveCfg = Debug|Any CPU
		{AEE9A75D-181B-4EAB-952E-38DC048E4256}.Debug|Any CPU.Build.0 = Debug|Any CPU
		{AEE9A75D-181B-4EAB-952E-38DC048E4256}.Release|Any CPU.ActiveCfg = Release|Any CPU
		{AEE9A75D-181B-4EAB-952E-38DC048E4256}.Release|Any CPU.Build.0 = Release|Any CPU
	EndGlobalSection
	GlobalSection(SolutionProperties) = preSolution
		HideSolutionNode = FALSE
	EndGlobalSection
	GlobalSection(ExtensibilityGlobals) = postSolution
		EnterpriseLibraryConfigurationToolBinariesPath = packages\Unity.2.1.505.2\lib\NET35
	EndGlobalSection
EndGlobal
